
Microsoft Visual Studio Solution File, Format Version 11.00
# Visual C# Express 2010
Project("{FAE04EC0-301F-11D3-BF4B-00C04F79EFBC}") = "keyPad", "keyPad\keyPad.csproj", "{C9B52124-6FA3-4073-90EA-11A6E10C696F}"
EndProject
Global
	GlobalSection(SolutionConfigurationPlatforms) = preSolution
		Debug|x86 = Debug|x86
		Release|x86 = Release|x86
	EndGlobalSection
	GlobalSection(ProjectConfigurationPlatforms) = postSolution
		{C9B52124-6FA3-4073-90EA-11A6E10C696F}.Debug|x86.ActiveCfg = Debug|x86
		{C9B52124-6FA3-4073-90EA-11A6E10C696F}.Debug|x86.Build.0 = Debug|x86
		{C9B52124-6FA3-4073-90EA-11A6E10C696F}.Release|x86.ActiveCfg = Release|x86
		{C9B52124-6FA3-4073-90EA-11A6E10C696F}.Release|x86.Build.0 = Release|x86
	EndGlobalSection
	GlobalSection(SolutionProperties) = preSolution
		HideSolutionNode = FALSE
	EndGlobalSection
EndGlobal
